{
  "name": "quickcourt-backend",
  "lockfileVersion": 3,
  "requires": true,
  "packages": {
    "": {
      "dependencies": {
        "simple-parser": "^0.0.0"
      }
    },
    "node_modules/simple-parser": {
      "version": "0.0.0",
      "resolved": "https://registry.npmjs.org/simple-parser/-/simple-parser-0.0.0.tgz",
      "integrity": "sha512-oRP9SW9USr0/lvDz3rjSqQ+KTbYjgH6QOdcTZYQrMiPwSyhYpvWpjmJL/KzPd6rYt5/uFBCMyit2TrB77NOiuw==",
      "license": "ISC"
    }
  }
}
